
Microsoft Visual Studio Solution File, Format Version 12.00
# Visual Studio Version 17
VisualStudioVersion = 17.7.34018.315
MinimumVisualStudioVersion = 10.0.40219.1
Project("{FAE04EC0-301F-11D3-BF4B-00C04F79EFBC}") = "TEST", "TEST.csproj", "{FBCC6C18-8CC1-470E-924F-446178B3570C}"
EndProject
Global
	GlobalSection(SolutionConfigurationPlatforms) = preSolution
		Debug|Any CPU = Debug|Any CPU
		Release|Any CPU = Release|Any CPU
	EndGlobalSection
	GlobalSection(ProjectConfigurationPlatforms) = postSolution
		{FBCC6C18-8CC1-470E-924F-446178B3570C}.Debug|Any CPU.ActiveCfg = Debug|Any CPU
		{FBCC6C18-8CC1-470E-924F-446178B3570C}.Debug|Any CPU.Build.0 = Debug|Any CPU
		{FBCC6C18-8CC1-470E-924F-446178B3570C}.Release|Any CPU.ActiveCfg = Release|Any CPU
		{FBCC6C18-8CC1-470E-924F-446178B3570C}.Release|Any CPU.Build.0 = Release|Any CPU
	EndGlobalSection
	GlobalSection(SolutionProperties) = preSolution
		HideSolutionNode = FALSE
	EndGlobalSection
	GlobalSection(ExtensibilityGlobals) = postSolution
		SolutionGuid = {6929E0E3-712A-4E63-ADED-2EF7AEEE474D}
	EndGlobalSection
EndGlobal
